
Microsoft Visual Studio Solution File, Format Version 12.00
# Visual Studio Version 16
VisualStudioVersion = 16.0.29326.143
MinimumVisualStudioVersion = 10.0.40219.1
Project("{D954291E-2A0B-460D-934E-DC6B0785DB48}") = "UnoTasks.Shared", "UnoTasks\UnoTasks.Shared\UnoTasks.Shared.shproj", "{6279C845-92F8-4333-AB99-3D213163593C}"
EndProject
Project("{FAE04EC0-301F-11D3-BF4B-00C04F79EFBC}") = "UnoTasks.Droid", "UnoTasks\UnoTasks.Droid\UnoTasks.Droid.csproj", "{1C91E3F5-666B-47C1-B238-590F9156A728}"
EndProject
Project("{FAE04EC0-301F-11D3-BF4B-00C04F79EFBC}") = "UnoTasks.iOS", "UnoTasks\UnoTasks.iOS\UnoTasks.iOS.csproj", "{B17B671E-A6D5-4116-909A-4EA094D1083D}"
EndProject
Project("{FAE04EC0-301F-11D3-BF4B-00C04F79EFBC}") = "UnoTasks.UWP", "UnoTasks\UnoTasks.UWP\UnoTasks.UWP.csproj", "{0F1FEC2F-FBF4-417C-A718-733FB84188B1}"
EndProject
Project("{9A19103F-16F7-4668-BE54-9A1E7A4F7556}") = "UnoTasks.Wasm", "UnoTasks\UnoTasks.Wasm\UnoTasks.Wasm.csproj", "{E3EF166A-C181-440B-B27B-DB35989E3E80}"
EndProject
Global
	GlobalSection(SharedMSBuildProjectFiles) = preSolution
		UnoTasks\UnoTasks.Shared\UnoTasks.Shared.projitems*{0f1fec2f-fbf4-417c-a718-733fb84188b1}*SharedItemsImports = 4
		UnoTasks\UnoTasks.Shared\UnoTasks.Shared.projitems*{1c91e3f5-666b-47c1-b238-590f9156a728}*SharedItemsImports = 4
		UnoTasks\UnoTasks.Shared\UnoTasks.Shared.projitems*{6279c845-92f8-4333-ab99-3d213163593c}*SharedItemsImports = 13
		UnoTasks\UnoTasks.Shared\UnoTasks.Shared.projitems*{b17b671e-a6d5-4116-909a-4ea094d1083d}*SharedItemsImports = 4
	EndGlobalSection
	GlobalSection(SolutionConfigurationPlatforms) = preSolution
		Ad-Hoc|Any CPU = Ad-Hoc|Any CPU
		Ad-Hoc|ARM = Ad-Hoc|ARM
		Ad-Hoc|iPhone = Ad-Hoc|iPhone
		Ad-Hoc|iPhoneSimulator = Ad-Hoc|iPhoneSimulator
		Ad-Hoc|x64 = Ad-Hoc|x64
		Ad-Hoc|x86 = Ad-Hoc|x86
		AppStore|Any CPU = AppStore|Any CPU
		AppStore|ARM = AppStore|ARM
		AppStore|iPhone = AppStore|iPhone
		AppStore|iPhoneSimulator = AppStore|iPhoneSimulator
		AppStore|x64 = AppStore|x64
		AppStore|x86 = AppStore|x86
		Debug|Any CPU = Debug|Any CPU
		Debug|ARM = Debug|ARM
		Debug|iPhone = Debug|iPhone
		Debug|iPhoneSimulator = Debug|iPhoneSimulator
		Debug|x64 = Debug|x64
		Debug|x86 = Debug|x86
		Release|Any CPU = Release|Any CPU
		Release|ARM = Release|ARM
		Release|iPhone = Release|iPhone
		Release|iPhoneSimulator = Release|iPhoneSimulator
		Release|x64 = Release|x64
		Release|x86 = Release|x86
	EndGlobalSection
	GlobalSection(ProjectConfigurationPlatforms) = postSolution
		{1C91E3F5-666B-47C1-B238-590F9156A728}.Ad-Hoc|Any CPU.ActiveCfg = Release|Any CPU
		{1C91E3F5-666B-47C1-B238-590F9156A728}.Ad-Hoc|Any CPU.Build.0 = Release|Any CPU
		{1C91E3F5-666B-47C1-B238-590F9156A728}.Ad-Hoc|Any CPU.Deploy.0 = Release|Any CPU
		{1C91E3F5-666B-47C1-B238-590F9156A728}.Ad-Hoc|ARM.ActiveCfg = Release|Any CPU
		{1C91E3F5-666B-47C1-B238-590F9156A728}.Ad-Hoc|ARM.Build.0 = Release|Any CPU
		{1C91E3F5-666B-47C1-B238-590F9156A728}.Ad-Hoc|ARM.Deploy.0 = Release|Any CPU
		{1C91E3F5-666B-47C1-B238-590F9156A728}.Ad-Hoc|iPhone.ActiveCfg = Release|Any CPU
		{1C91E3F5-666B-47C1-B238-590F9156A728}.Ad-Hoc|iPhone.Build.0 = Release|Any CPU
		{1C91E3F5-666B-47C1-B238-590F9156A728}.Ad-Hoc|iPhone.Deploy.0 = Release|Any CPU
		{1C91E3F5-666B-47C1-B238-590F9156A728}.Ad-Hoc|iPhoneSimulator.ActiveCfg = Release|Any CPU
		{1C91E3F5-666B-47C1-B238-590F9156A728}.Ad-Hoc|iPhoneSimulator.Build.0 = Release|Any CPU
		{1C91E3F5-666B-47C1-B238-590F9156A728}.Ad-Hoc|iPhoneSimulator.Deploy.0 = Release|Any CPU
		{1C91E3F5-666B-47C1-B238-590F9156A728}.Ad-Hoc|x64.ActiveCfg = Release|Any CPU
		{1C91E3F5-666B-47C1-B238-590F9156A728}.Ad-Hoc|x64.Build.0 = Release|Any CPU
		{1C91E3F5-666B-47C1-B238-590F9156A728}.Ad-Hoc|x64.Deploy.0 = Release|Any CPU
		{1C91E3F5-666B-47C1-B238-590F9156A728}.Ad-Hoc|x86.ActiveCfg = Release|Any CPU
		{1C91E3F5-666B-47C1-B238-590F9156A728}.Ad-Hoc|x86.Build.0 = Release|Any CPU
		{1C91E3F5-666B-47C1-B238-590F9156A728}.Ad-Hoc|x86.Deploy.0 = Release|Any CPU
		{1C91E3F5-666B-47C1-B238-590F9156A728}.AppStore|Any CPU.ActiveCfg = Release|Any CPU
		{1C91E3F5-666B-47C1-B238-590F9156A728}.AppStore|Any CPU.Build.0 = Release|Any CPU
		{1C91E3F5-666B-47C1-B238-590F9156A728}.AppStore|Any CPU.Deploy.0 = Release|Any CPU
		{1C91E3F5-666B-47C1-B238-590F9156A728}.AppStore|ARM.ActiveCfg = Release|Any CPU
		{1C91E3F5-666B-47C1-B238-590F9156A728}.AppStore|ARM.Build.0 = Release|Any CPU
		{1C91E3F5-666B-47C1-B238-590F9156A728}.AppStore|ARM.Deploy.0 = Release|Any CPU
		{1C91E3F5-666B-47C1-B238-590F9156A728}.AppStore|iPhone.ActiveCfg = Release|Any CPU
		{1C91E3F5-666B-47C1-B238-590F9156A728}.AppStore|iPhone.Build.0 = Release|Any CPU
		{1C91E3F5-666B-47C1-B238-590F9156A728}.AppStore|iPhone.Deploy.0 = Release|Any CPU
		{1C91E3F5-666B-47C1-B238-590F9156A728}.AppStore|iPhoneSimulator.ActiveCfg = Release|Any CPU
		{1C91E3F5-666B-47C1-B238-590F9156A728}.AppStore|iPhoneSimulator.Build.0 = Release|Any CPU
		{1C91E3F5-666B-47C1-B238-590F9156A728}.AppStore|iPhoneSimulator.Deploy.0 = Release|Any CPU
		{1C91E3F5-666B-47C1-B238-590F9156A728}.AppStore|x64.ActiveCfg = Release|Any CPU
		{1C91E3F5-666B-47C1-B238-590F9156A728}.AppStore|x64.Build.0 = Release|Any CPU
		{1C91E3F5-666B-47C1-B238-590F9156A728}.AppStore|x64.Deploy.0 = Release|Any CPU
		{1C91E3F5-666B-47C1-B238-590F9156A728}.AppStore|x86.ActiveCfg = Release|Any CPU
		{1C91E3F5-666B-47C1-B238-590F9156A728}.AppStore|x86.Build.0 = Release|Any CPU
		{1C91E3F5-666B-47C1-B238-590F9156A728}.AppStore|x86.Deploy.0 = Release|Any CPU
		{1C91E3F5-666B-47C1-B238-590F9156A728}.Debug|Any CPU.ActiveCfg = Debug|Any CPU
		{1C91E3F5-666B-47C1-B238-590F9156A728}.Debug|Any CPU.Build.0 = Debug|Any CPU
		{1C91E3F5-666B-47C1-B238-590F9156A728}.Debug|Any CPU.Deploy.0 = Debug|Any CPU
		{1C91E3F5-666B-47C1-B238-590F9156A728}.Debug|ARM.ActiveCfg = Debug|Any CPU
		{1C91E3F5-666B-47C1-B238-590F9156A728}.Debug|ARM.Build.0 = Debug|Any CPU
		{1C91E3F5-666B-47C1-B238-590F9156A728}.Debug|ARM.Deploy.0 = Debug|Any CPU
		{1C91E3F5-666B-47C1-B238-590F9156A728}.Debug|iPhone.ActiveCfg = Debug|Any CPU
		{1C91E3F5-666B-47C1-B238-590F9156A728}.Debug|iPhone.Build.0 = Debug|Any CPU
		{1C91E3F5-666B-47C1-B238-590F9156A728}.Debug|iPhone.Deploy.0 = Debug|Any CPU
		{1C91E3F5-666B-47C1-B238-590F9156A728}.Debug|iPhoneSimulator.ActiveCfg = Debug|Any CPU
		{1C91E3F5-666B-47C1-B238-590F9156A728}.Debug|iPhoneSimulator.Build.0 = Debug|Any CPU
		{1C91E3F5-666B-47C1-B238-590F9156A728}.Debug|iPhoneSimulator.Deploy.0 = Debug|Any CPU
		{1C91E3F5-666B-47C1-B238-590F9156A728}.Debug|x64.ActiveCfg = Debug|Any CPU
		{1C91E3F5-666B-47C1-B238-590F9156A728}.Debug|x64.Build.0 = Debug|Any CPU
		{1C91E3F5-666B-47C1-B238-590F9156A728}.Debug|x64.Deploy.0 = Debug|Any CPU
		{1C91E3F5-666B-47C1-B238-590F9156A728}.Debug|x86.ActiveCfg = Debug|Any CPU
		{1C91E3F5-666B-47C1-B238-590F9156A728}.Debug|x86.Build.0 = Debug|Any CPU
		{1C91E3F5-666B-47C1-B238-590F9156A728}.Debug|x86.Deploy.0 = Debug|Any CPU
		{1C91E3F5-666B-47C1-B238-590F9156A728}.Release|Any CPU.ActiveCfg = Release|Any CPU
		{1C91E3F5-666B-47C1-B238-590F9156A728}.Release|Any CPU.Build.0 = Release|Any CPU
		{1C91E3F5-666B-47C1-B238-590F9156A728}.Release|Any CPU.Deploy.0 = Release|Any CPU
		{1C91E3F5-666B-47C1-B238-590F9156A728}.Release|ARM.ActiveCfg = Release|Any CPU
		{1C91E3F5-666B-47C1-B238-590F9156A728}.Release|ARM.Build.0 = Release|Any CPU
		{1C91E3F5-666B-47C1-B238-590F9156A728}.Release|ARM.Deploy.0 = Release|Any CPU
		{1C91E3F5-666B-47C1-B238-590F9156A728}.Release|iPhone.ActiveCfg = Release|Any CPU
		{1C91E3F5-666B-47C1-B238-590F9156A728}.Release|iPhone.Build.0 = Release|Any CPU
		{1C91E3F5-666B-47C1-B238-590F9156A728}.Release|iPhone.Deploy.0 = Release|Any CPU
		{1C91E3F5-666B-47C1-B238-590F9156A728}.Release|iPhoneSimulator.ActiveCfg = Release|Any CPU
		{1C91E3F5-666B-47C1-B238-590F9156A728}.Release|iPhoneSimulator.Build.0 = Release|Any CPU
		{1C91E3F5-666B-47C1-B238-590F9156A728}.Release|iPhoneSimulator.Deploy.0 = Release|Any CPU
		{1C91E3F5-666B-47C1-B238-590F9156A728}.Release|x64.ActiveCfg = Release|Any CPU
		{1C91E3F5-666B-47C1-B238-590F9156A728}.Release|x64.Build.0 = Release|Any CPU
		{1C91E3F5-666B-47C1-B238-590F9156A728}.Release|x64.Deploy.0 = Release|Any CPU
		{1C91E3F5-666B-47C1-B238-590F9156A728}.Release|x86.ActiveCfg = Release|Any CPU
		{1C91E3F5-666B-47C1-B238-590F9156A728}.Release|x86.Build.0 = Release|Any CPU
		{1C91E3F5-666B-47C1-B238-590F9156A728}.Release|x86.Deploy.0 = Release|Any CPU
		{B17B671E-A6D5-4116-909A-4EA094D1083D}.Ad-Hoc|Any CPU.ActiveCfg = Ad-Hoc|iPhone
		{B17B671E-A6D5-4116-909A-4EA094D1083D}.Ad-Hoc|ARM.ActiveCfg = Ad-Hoc|iPhone
		{B17B671E-A6D5-4116-909A-4EA094D1083D}.Ad-Hoc|iPhone.ActiveCfg = Ad-Hoc|iPhone
		{B17B671E-A6D5-4116-909A-4EA094D1083D}.Ad-Hoc|iPhone.Build.0 = Ad-Hoc|iPhone
		{B17B671E-A6D5-4116-909A-4EA094D1083D}.Ad-Hoc|iPhoneSimulator.ActiveCfg = Ad-Hoc|iPhoneSimulator
		{B17B671E-A6D5-4116-909A-4EA094D1083D}.Ad-Hoc|iPhoneSimulator.Build.0 = Ad-Hoc|iPhoneSimulator
		{B17B671E-A6D5-4116-909A-4EA094D1083D}.Ad-Hoc|x64.ActiveCfg = Ad-Hoc|iPhone
		{B17B671E-A6D5-4116-909A-4EA094D1083D}.Ad-Hoc|x86.ActiveCfg = Ad-Hoc|iPhone
		{B17B671E-A6D5-4116-909A-4EA094D1083D}.AppStore|Any CPU.ActiveCfg = AppStore|iPhone
		{B17B671E-A6D5-4116-909A-4EA094D1083D}.AppStore|ARM.ActiveCfg = AppStore|iPhone
		{B17B671E-A6D5-4116-909A-4EA094D1083D}.AppStore|iPhone.ActiveCfg = AppStore|iPhone
		{B17B671E-A6D5-4116-909A-4EA094D1083D}.AppStore|iPhone.Build.0 = AppStore|iPhone
		{B17B671E-A6D5-4116-909A-4EA094D1083D}.AppStore|iPhoneSimulator.ActiveCfg = AppStore|iPhoneSimulator
		{B17B671E-A6D5-4116-909A-4EA094D1083D}.AppStore|iPhoneSimulator.Build.0 = AppStore|iPhoneSimulator
		{B17B671E-A6D5-4116-909A-4EA094D1083D}.AppStore|x64.ActiveCfg = AppStore|iPhone
		{B17B671E-A6D5-4116-909A-4EA094D1083D}.AppStore|x86.ActiveCfg = AppStore|iPhone
		{B17B671E-A6D5-4116-909A-4EA094D1083D}.Debug|Any CPU.ActiveCfg = Debug|iPhone
		{B17B671E-A6D5-4116-909A-4EA094D1083D}.Debug|ARM.ActiveCfg = Debug|iPhone
		{B17B671E-A6D5-4116-909A-4EA094D1083D}.Debug|iPhone.ActiveCfg = Debug|iPhone
		{B17B671E-A6D5-4116-909A-4EA094D1083D}.Debug|iPhone.Build.0 = Debug|iPhone
		{B17B671E-A6D5-4116-909A-4EA094D1083D}.Debug|iPhoneSimulator.ActiveCfg = Debug|iPhoneSimulator
		{B17B671E-A6D5-4116-909A-4EA094D1083D}.Debug|iPhoneSimulator.Build.0 = Debug|iPhoneSimulator
		{B17B671E-A6D5-4116-909A-4EA094D1083D}.Debug|x64.ActiveCfg = Debug|iPhone
		{B17B671E-A6D5-4116-909A-4EA094D1083D}.Debug|x86.ActiveCfg = Debug|iPhone
		{B17B671E-A6D5-4116-909A-4EA094D1083D}.Release|Any CPU.ActiveCfg = Release|iPhone
		{B17B671E-A6D5-4116-909A-4EA094D1083D}.Release|ARM.ActiveCfg = Release|iPhone
		{B17B671E-A6D5-4116-909A-4EA094D1083D}.Release|iPhone.ActiveCfg = Release|iPhone
		{B17B671E-A6D5-4116-909A-4EA094D1083D}.Release|iPhone.Build.0 = Release|iPhone
		{B17B671E-A6D5-4116-909A-4EA094D1083D}.Release|iPhoneSimulator.ActiveCfg = Release|iPhoneSimulator
		{B17B671E-A6D5-4116-909A-4EA094D1083D}.Release|iPhoneSimulator.Build.0 = Release|iPhoneSimulator
		{B17B671E-A6D5-4116-909A-4EA094D1083D}.Release|x64.ActiveCfg = Release|iPhone
		{B17B671E-A6D5-4116-909A-4EA094D1083D}.Release|x86.ActiveCfg = Release|iPhone
		{0F1FEC2F-FBF4-417C-A718-733FB84188B1}.Ad-Hoc|Any CPU.ActiveCfg = Release|x64
		{0F1FEC2F-FBF4-417C-A718-733FB84188B1}.Ad-Hoc|Any CPU.Build.0 = Release|x64
		{0F1FEC2F-FBF4-417C-A718-733FB84188B1}.Ad-Hoc|Any CPU.Deploy.0 = Release|x64
		{0F1FEC2F-FBF4-417C-A718-733FB84188B1}.Ad-Hoc|ARM.ActiveCfg = Release|ARM
		{0F1FEC2F-FBF4-417C-A718-733FB84188B1}.Ad-Hoc|ARM.Build.0 = Release|ARM
		{0F1FEC2F-FBF4-417C-A718-733FB84188B1}.Ad-Hoc|ARM.Deploy.0 = Release|ARM
		{0F1FEC2F-FBF4-417C-A718-733FB84188B1}.Ad-Hoc|iPhone.ActiveCfg = Release|x64
		{0F1FEC2F-FBF4-417C-A718-733FB84188B1}.Ad-Hoc|iPhone.Build.0 = Release|x64
		{0F1FEC2F-FBF4-417C-A718-733FB84188B1}.Ad-Hoc|iPhone.Deploy.0 = Release|x64
		{0F1FEC2F-FBF4-417C-A718-733FB84188B1}.Ad-Hoc|iPhoneSimulator.ActiveCfg = Release|x64
		{0F1FEC2F-FBF4-417C-A718-733FB84188B1}.Ad-Hoc|iPhoneSimulator.Build.0 = Release|x64
		{0F1FEC2F-FBF4-417C-A718-733FB84188B1}.Ad-Hoc|iPhoneSimulator.Deploy.0 = Release|x64
		{0F1FEC2F-FBF4-417C-A718-733FB84188B1}.Ad-Hoc|x64.ActiveCfg = Release|x64
		{0F1FEC2F-FBF4-417C-A718-733FB84188B1}.Ad-Hoc|x64.Build.0 = Release|x64
		{0F1FEC2F-FBF4-417C-A718-733FB84188B1}.Ad-Hoc|x64.Deploy.0 = Release|x64
		{0F1FEC2F-FBF4-417C-A718-733FB84188B1}.Ad-Hoc|x86.ActiveCfg = Release|x86
		{0F1FEC2F-FBF4-417C-A718-733FB84188B1}.Ad-Hoc|x86.Build.0 = Release|x86
		{0F1FEC2F-FBF4-417C-A718-733FB84188B1}.Ad-Hoc|x86.Deploy.0 = Release|x86
		{0F1FEC2F-FBF4-417C-A718-733FB84188B1}.AppStore|Any CPU.ActiveCfg = Release|x64
		{0F1FEC2F-FBF4-417C-A718-733FB84188B1}.AppStore|Any CPU.Build.0 = Release|x64
		{0F1FEC2F-FBF4-417C-A718-733FB84188B1}.AppStore|Any CPU.Deploy.0 = Release|x64
		{0F1FEC2F-FBF4-417C-A718-733FB84188B1}.AppStore|ARM.ActiveCfg = Release|ARM
		{0F1FEC2F-FBF4-417C-A718-733FB84188B1}.AppStore|ARM.Build.0 = Release|ARM
		{0F1FEC2F-FBF4-417C-A718-733FB84188B1}.AppStore|ARM.Deploy.0 = Release|ARM
		{0F1FEC2F-FBF4-417C-A718-733FB84188B1}.AppStore|iPhone.ActiveCfg = Release|x64
		{0F1FEC2F-FBF4-417C-A718-733FB84188B1}.AppStore|iPhone.Build.0 = Release|x64
		{0F1FEC2F-FBF4-417C-A718-733FB84188B1}.AppStore|iPhone.Deploy.0 = Release|x64
		{0F1FEC2F-FBF4-417C-A718-733FB84188B1}.AppStore|iPhoneSimulator.ActiveCfg = Release|x64
		{0F1FEC2F-FBF4-417C-A718-733FB84188B1}.AppStore|iPhoneSimulator.Build.0 = Release|x64
		{0F1FEC2F-FBF4-417C-A718-733FB84188B1}.AppStore|iPhoneSimulator.Deploy.0 = Release|x64
		{0F1FEC2F-FBF4-417C-A718-733FB84188B1}.AppStore|x64.ActiveCfg = Release|x64
		{0F1FEC2F-FBF4-417C-A718-733FB84188B1}.AppStore|x64.Build.0 = Release|x64
		{0F1FEC2F-FBF4-417C-A718-733FB84188B1}.AppStore|x64.Deploy.0 = Release|x64
		{0F1FEC2F-FBF4-417C-A718-733FB84188B1}.AppStore|x86.ActiveCfg = Release|x86
		{0F1FEC2F-FBF4-417C-A718-733FB84188B1}.AppStore|x86.Build.0 = Release|x86
		{0F1FEC2F-FBF4-417C-A718-733FB84188B1}.AppStore|x86.Deploy.0 = Release|x86
		{0F1FEC2F-FBF4-417C-A718-733FB84188B1}.Debug|Any CPU.ActiveCfg = Debug|x86
		{0F1FEC2F-FBF4-417C-A718-733FB84188B1}.Debug|ARM.ActiveCfg = Debug|ARM
		{0F1FEC2F-FBF4-417C-A718-733FB84188B1}.Debug|ARM.Build.0 = Debug|ARM
		{0F1FEC2F-FBF4-417C-A718-733FB84188B1}.Debug|ARM.Deploy.0 = Debug|ARM
		{0F1FEC2F-FBF4-417C-A718-733FB84188B1}.Debug|iPhone.ActiveCfg = Debug|x86
		{0F1FEC2F-FBF4-417C-A718-733FB84188B1}.Debug|iPhoneSimulator.ActiveCfg = Debug|x86
		{0F1FEC2F-FBF4-417C-A718-733FB84188B1}.Debug|x64.ActiveCfg = Debug|x64
		{0F1FEC2F-FBF4-417C-A718-733FB84188B1}.Debug|x64.Build.0 = Debug|x64
		{0F1FEC2F-FBF4-417C-A718-733FB84188B1}.Debug|x64.Deploy.0 = Debug|x64
		{0F1FEC2F-FBF4-417C-A718-733FB84188B1}.Debug|x86.ActiveCfg = Debug|x86
		{0F1FEC2F-FBF4-417C-A718-733FB84188B1}.Debug|x86.Build.0 = Debug|x86
		{0F1FEC2F-FBF4-417C-A718-733FB84188B1}.Debug|x86.Deploy.0 = Debug|x86
		{0F1FEC2F-FBF4-417C-A718-733FB84188B1}.Release|Any CPU.ActiveCfg = Release|x86
		{0F1FEC2F-FBF4-417C-A718-733FB84188B1}.Release|ARM.ActiveCfg = Release|ARM
		{0F1FEC2F-FBF4-417C-A718-733FB84188B1}.Release|ARM.Build.0 = Release|ARM
		{0F1FEC2F-FBF4-417C-A718-733FB84188B1}.Release|ARM.Deploy.0 = Release|ARM
		{0F1FEC2F-FBF4-417C-A718-733FB84188B1}.Release|iPhone.ActiveCfg = Release|x86
		{0F1FEC2F-FBF4-417C-A718-733FB84188B1}.Release|iPhoneSimulator.ActiveCfg = Release|x86
		{0F1FEC2F-FBF4-417C-A718-733FB84188B1}.Release|x64.ActiveCfg = Release|x64
		{0F1FEC2F-FBF4-417C-A718-733FB84188B1}.Release|x64.Build.0 = Release|x64
		{0F1FEC2F-FBF4-417C-A718-733FB84188B1}.Release|x64.Deploy.0 = Release|x64
		{0F1FEC2F-FBF4-417C-A718-733FB84188B1}.Release|x86.ActiveCfg = Release|x86
		{0F1FEC2F-FBF4-417C-A718-733FB84188B1}.Release|x86.Build.0 = Release|x86
		{0F1FEC2F-FBF4-417C-A718-733FB84188B1}.Release|x86.Deploy.0 = Release|x86
		{E3EF166A-C181-440B-B27B-DB35989E3E80}.Ad-Hoc|Any CPU.ActiveCfg = Debug|Any CPU
		{E3EF166A-C181-440B-B27B-DB35989E3E80}.Ad-Hoc|Any CPU.Build.0 = Debug|Any CPU
		{E3EF166A-C181-440B-B27B-DB35989E3E80}.Ad-Hoc|ARM.ActiveCfg = Debug|Any CPU
		{E3EF166A-C181-440B-B27B-DB35989E3E80}.Ad-Hoc|ARM.Build.0 = Debug|Any CPU
		{E3EF166A-C181-440B-B27B-DB35989E3E80}.Ad-Hoc|iPhone.ActiveCfg = Debug|Any CPU
		{E3EF166A-C181-440B-B27B-DB35989E3E80}.Ad-Hoc|iPhone.Build.0 = Debug|Any CPU
		{E3EF166A-C181-440B-B27B-DB35989E3E80}.Ad-Hoc|iPhoneSimulator.ActiveCfg = Debug|Any CPU
		{E3EF166A-C181-440B-B27B-DB35989E3E80}.Ad-Hoc|iPhoneSimulator.Build.0 = Debug|Any CPU
		{E3EF166A-C181-440B-B27B-DB35989E3E80}.Ad-Hoc|x64.ActiveCfg = Debug|Any CPU
		{E3EF166A-C181-440B-B27B-DB35989E3E80}.Ad-Hoc|x64.Build.0 = Debug|Any CPU
		{E3EF166A-C181-440B-B27B-DB35989E3E80}.Ad-Hoc|x86.ActiveCfg = Debug|Any CPU
		{E3EF166A-C181-440B-B27B-DB35989E3E80}.Ad-Hoc|x86.Build.0 = Debug|Any CPU
		{E3EF166A-C181-440B-B27B-DB35989E3E80}.AppStore|Any CPU.ActiveCfg = Debug|Any CPU
		{E3EF166A-C181-440B-B27B-DB35989E3E80}.AppStore|Any CPU.Build.0 = Debug|Any CPU
		{E3EF166A-C181-440B-B27B-DB35989E3E80}.AppStore|ARM.ActiveCfg = Debug|Any CPU
		{E3EF166A-C181-440B-B27B-DB35989E3E80}.AppStore|ARM.Build.0 = Debug|Any CPU
		{E3EF166A-C181-440B-B27B-DB35989E3E80}.AppStore|iPhone.ActiveCfg = Debug|Any CPU
		{E3EF166A-C181-440B-B27B-DB35989E3E80}.AppStore|iPhone.Build.0 = Debug|Any CPU
		{E3EF166A-C181-440B-B27B-DB35989E3E80}.AppStore|iPhoneSimulator.ActiveCfg = Debug|Any CPU
		{E3EF166A-C181-440B-B27B-DB35989E3E80}.AppStore|iPhoneSimulator.Build.0 = Debug|Any CPU
		{E3EF166A-C181-440B-B27B-DB35989E3E80}.AppStore|x64.ActiveCfg = Debug|Any CPU
		{E3EF166A-C181-440B-B27B-DB35989E3E80}.AppStore|x64.Build.0 = Debug|Any CPU
		{E3EF166A-C181-440B-B27B-DB35989E3E80}.AppStore|x86.ActiveCfg = Debug|Any CPU
		{E3EF166A-C181-440B-B27B-DB35989E3E80}.AppStore|x86.Build.0 = Debug|Any CPU
		{E3EF166A-C181-440B-B27B-DB35989E3E80}.Debug|Any CPU.ActiveCfg = Debug|Any CPU
		{E3EF166A-C181-440B-B27B-DB35989E3E80}.Debug|Any CPU.Build.0 = Debug|Any CPU
		{E3EF166A-C181-440B-B27B-DB35989E3E80}.Debug|ARM.ActiveCfg = Debug|Any CPU
		{E3EF166A-C181-440B-B27B-DB35989E3E80}.Debug|ARM.Build.0 = Debug|Any CPU
		{E3EF166A-C181-440B-B27B-DB35989E3E80}.Debug|iPhone.ActiveCfg = Debug|Any CPU
		{E3EF166A-C181-440B-B27B-DB35989E3E80}.Debug|iPhone.Build.0 = Debug|Any CPU
		{E3EF166A-C181-440B-B27B-DB35989E3E80}.Debug|iPhoneSimulator.ActiveCfg = Debug|Any CPU
		{E3EF166A-C181-440B-B27B-DB35989E3E80}.Debug|iPhoneSimulator.Build.0 = Debug|Any CPU
		{E3EF166A-C181-440B-B27B-DB35989E3E80}.Debug|x64.ActiveCfg = Debug|Any CPU
		{E3EF166A-C181-440B-B27B-DB35989E3E80}.Debug|x64.Build.0 = Debug|Any CPU
		{E3EF166A-C181-440B-B27B-DB35989E3E80}.Debug|x86.ActiveCfg = Debug|Any CPU
		{E3EF166A-C181-440B-B27B-DB35989E3E80}.Debug|x86.Build.0 = Debug|Any CPU
		{E3EF166A-C181-440B-B27B-DB35989E3E80}.Release|Any CPU.ActiveCfg = Release|Any CPU
		{E3EF166A-C181-440B-B27B-DB35989E3E80}.Release|Any CPU.Build.0 = Release|Any CPU
		{E3EF166A-C181-440B-B27B-DB35989E3E80}.Release|ARM.ActiveCfg = Release|Any CPU
		{E3EF166A-C181-440B-B27B-DB35989E3E80}.Release|ARM.Build.0 = Release|Any CPU
		{E3EF166A-C181-440B-B27B-DB35989E3E80}.Release|iPhone.ActiveCfg = Release|Any CPU
		{E3EF166A-C181-440B-B27B-DB35989E3E80}.Release|iPhone.Build.0 = Release|Any CPU
		{E3EF166A-C181-440B-B27B-DB35989E3E80}.Release|iPhoneSimulator.ActiveCfg = Release|Any CPU
		{E3EF166A-C181-440B-B27B-DB35989E3E80}.Release|iPhoneSimulator.Build.0 = Release|Any CPU
		{E3EF166A-C181-440B-B27B-DB35989E3E80}.Release|x64.ActiveCfg = Release|Any CPU
		{E3EF166A-C181-440B-B27B-DB35989E3E80}.Release|x64.Build.0 = Release|Any CPU
		{E3EF166A-C181-440B-B27B-DB35989E3E80}.Release|x86.ActiveCfg = Release|Any CPU
		{E3EF166A-C181-440B-B27B-DB35989E3E80}.Release|x86.Build.0 = Release|Any CPU
	EndGlobalSection
	GlobalSection(SolutionProperties) = preSolution
		HideSolutionNode = FALSE
	EndGlobalSection
	GlobalSection(ExtensibilityGlobals) = postSolution
		SolutionGuid = {3762D25D-2021-4D9E-AEF8-8540BF48A1FD}
	EndGlobalSection
EndGlobal
